
Microsoft Visual Studio Solution File, Format Version 12.00
# Visual Studio Version 17
VisualStudioVersion = 17.6.33815.320
MinimumVisualStudioVersion = 10.0.40219.1
Project("{FAE04EC0-301F-11D3-BF4B-00C04F79EFBC}") = "Dice Roller Lab", "Dice Roller Lab\Dice Roller Lab.csproj", "{A6FE3ED0-6275-481F-880E-4074ED0A9BAE}"
EndProject
Global
	GlobalSection(SolutionConfigurationPlatforms) = preSolution
		Debug|Any CPU = Debug|Any CPU
		Release|Any CPU = Release|Any CPU
	EndGlobalSection
	GlobalSection(ProjectConfigurationPlatforms) = postSolution
		{A6FE3ED0-6275-481F-880E-4074ED0A9BAE}.Debug|Any CPU.ActiveCfg = Debug|Any CPU
		{A6FE3ED0-6275-481F-880E-4074ED0A9BAE}.Debug|Any CPU.Build.0 = Debug|Any CPU
		{A6FE3ED0-6275-481F-880E-4074ED0A9BAE}.Release|Any CPU.ActiveCfg = Release|Any CPU
		{A6FE3ED0-6275-481F-880E-4074ED0A9BAE}.Release|Any CPU.Build.0 = Release|Any CPU
	EndGlobalSection
	GlobalSection(SolutionProperties) = preSolution
		HideSolutionNode = FALSE
	EndGlobalSection
	GlobalSection(ExtensibilityGlobals) = postSolution
		SolutionGuid = {D0B2DAE4-5767-45FA-8BA4-9E198406B417}
	EndGlobalSection
EndGlobal
